
Microsoft Visual Studio Solution File, Format Version 12.00
# Visual Studio 2013
VisualStudioVersion = 12.0.30723.0
MinimumVisualStudioVersion = 10.0.40219.1
Project("{FAE04EC0-301F-11D3-BF4B-00C04F79EFBC}") = "SyncServiceLib", "C#\SyncServiceLib\SyncServiceLib.csproj", "{B1152373-5435-4344-A749-A083734B69DC}"
EndProject
Project("{FAE04EC0-301F-11D3-BF4B-00C04F79EFBC}") = "SyncSvcUtil", "C#\tools\SyncSvcUtil\SyncSvcUtil.csproj", "{D592CC46-92EA-44A9-A5BE-97E9CA319B47}"
EndProject
Project("{FAE04EC0-301F-11D3-BF4B-00C04F79EFBC}") = "SyncSvcUtilUI", "C#\tools\SyncSvcUtilUI\SyncSvcUtilUI.csproj", "{128210C9-E7B0-4D2E-984E-B473AA401188}"
EndProject
Project("{FAE04EC0-301F-11D3-BF4B-00C04F79EFBC}") = "SyncClient.Windows8", "C#\WinRTClient\SyncClient.Windows8.csproj", "{D5E78724-C6CA-44A2-BDE2-4A5CF94FF093}"
EndProject
Project("{FAE04EC0-301F-11D3-BF4B-00C04F79EFBC}") = "SyncClient.WindowsPhone", "C#\WP8Client\SyncClient.WindowsPhone.csproj", "{A6FBDB08-B02C-403D-81DA-AA2B2CD07A22}"
EndProject
Project("{D954291E-2A0B-460D-934E-DC6B0785DB48}") = "SyncClient.Shared", "C#\SyncClient.Shared\SyncClient.Shared.shproj", "{936A4DEC-06A7-46D3-9021-2E35EF46EC37}"
EndProject
Project("{FAE04EC0-301F-11D3-BF4B-00C04F79EFBC}") = "SyncClient.WindowsPhone81", "SyncClient.WindowsPhone81\SyncClient.WindowsPhone81.csproj", "{C3DB31F5-B1DA-41A7-B4AD-1246AF281A25}"
EndProject
Project("{2150E333-8FDC-42A3-9474-1A3956D46DE8}") = "Tests", "Tests", "{0354F169-3BDF-4367-A92C-A0E216FA19A4}"
EndProject
Project("{FAE04EC0-301F-11D3-BF4B-00C04F79EFBC}") = "SyncServiceLibTest", "SyncServiceLibTest\SyncServiceLibTest.csproj", "{C5F88976-4700-45F4-91E0-75B64C2FB195}"
EndProject
Global
	GlobalSection(SharedMSBuildProjectFiles) = preSolution
		C#\SyncClient.Shared\SyncClient.Shared.projitems*{936a4dec-06a7-46d3-9021-2e35ef46ec37}*SharedItemsImports = 13
		C#\SyncClient.Shared\SyncClient.Shared.projitems*{d5e78724-c6ca-44a2-bde2-4a5cf94ff093}*SharedItemsImports = 4
		C#\SyncClient.Shared\SyncClient.Shared.projitems*{c3db31f5-b1da-41a7-b4ad-1246af281a25}*SharedItemsImports = 4
	EndGlobalSection
	GlobalSection(SolutionConfigurationPlatforms) = preSolution
		Debug|Any CPU = Debug|Any CPU
		Debug|ARM = Debug|ARM
		Debug|Mixed Platforms = Debug|Mixed Platforms
		Debug|Win32 = Debug|Win32
		Debug|x64 = Debug|x64
		Debug|x86 = Debug|x86
		Release|Any CPU = Release|Any CPU
		Release|ARM = Release|ARM
		Release|Mixed Platforms = Release|Mixed Platforms
		Release|Win32 = Release|Win32
		Release|x64 = Release|x64
		Release|x86 = Release|x86
	EndGlobalSection
	GlobalSection(ProjectConfigurationPlatforms) = postSolution
		{B1152373-5435-4344-A749-A083734B69DC}.Debug|Any CPU.ActiveCfg = Debug|Any CPU
		{B1152373-5435-4344-A749-A083734B69DC}.Debug|Any CPU.Build.0 = Debug|Any CPU
		{B1152373-5435-4344-A749-A083734B69DC}.Debug|ARM.ActiveCfg = Debug|Any CPU
		{B1152373-5435-4344-A749-A083734B69DC}.Debug|Mixed Platforms.ActiveCfg = Debug|Any CPU
		{B1152373-5435-4344-A749-A083734B69DC}.Debug|Mixed Platforms.Build.0 = Debug|Any CPU
		{B1152373-5435-4344-A749-A083734B69DC}.Debug|Win32.ActiveCfg = Debug|Any CPU
		{B1152373-5435-4344-A749-A083734B69DC}.Debug|x64.ActiveCfg = Debug|Any CPU
		{B1152373-5435-4344-A749-A083734B69DC}.Debug|x64.Build.0 = Debug|Any CPU
		{B1152373-5435-4344-A749-A083734B69DC}.Debug|x86.ActiveCfg = Debug|Any CPU
		{B1152373-5435-4344-A749-A083734B69DC}.Debug|x86.Build.0 = Debug|Any CPU
		{B1152373-5435-4344-A749-A083734B69DC}.Release|Any CPU.ActiveCfg = Release|Any CPU
		{B1152373-5435-4344-A749-A083734B69DC}.Release|ARM.ActiveCfg = Release|Any CPU
		{B1152373-5435-4344-A749-A083734B69DC}.Release|Mixed Platforms.ActiveCfg = Release|Any CPU
		{B1152373-5435-4344-A749-A083734B69DC}.Release|Mixed Platforms.Build.0 = Release|Any CPU
		{B1152373-5435-4344-A749-A083734B69DC}.Release|Win32.ActiveCfg = Release|Any CPU
		{B1152373-5435-4344-A749-A083734B69DC}.Release|x64.ActiveCfg = Release|Any CPU
		{B1152373-5435-4344-A749-A083734B69DC}.Release|x64.Build.0 = Release|Any CPU
		{B1152373-5435-4344-A749-A083734B69DC}.Release|x86.ActiveCfg = Release|Any CPU
		{B1152373-5435-4344-A749-A083734B69DC}.Release|x86.Build.0 = Release|Any CPU
		{D592CC46-92EA-44A9-A5BE-97E9CA319B47}.Debug|Any CPU.ActiveCfg = Debug|x86
		{D592CC46-92EA-44A9-A5BE-97E9CA319B47}.Debug|ARM.ActiveCfg = Debug|x86
		{D592CC46-92EA-44A9-A5BE-97E9CA319B47}.Debug|Mixed Platforms.ActiveCfg = Debug|x86
		{D592CC46-92EA-44A9-A5BE-97E9CA319B47}.Debug|Mixed Platforms.Build.0 = Debug|x86
		{D592CC46-92EA-44A9-A5BE-97E9CA319B47}.Debug|Win32.ActiveCfg = Debug|x86
		{D592CC46-92EA-44A9-A5BE-97E9CA319B47}.Debug|Win32.Build.0 = Debug|x86
		{D592CC46-92EA-44A9-A5BE-97E9CA319B47}.Debug|x64.ActiveCfg = Debug|x86
		{D592CC46-92EA-44A9-A5BE-97E9CA319B47}.Debug|x86.ActiveCfg = Debug|x86
		{D592CC46-92EA-44A9-A5BE-97E9CA319B47}.Debug|x86.Build.0 = Debug|x86
		{D592CC46-92EA-44A9-A5BE-97E9CA319B47}.Release|Any CPU.ActiveCfg = Release|x86
		{D592CC46-92EA-44A9-A5BE-97E9CA319B47}.Release|ARM.ActiveCfg = Release|x86
		{D592CC46-92EA-44A9-A5BE-97E9CA319B47}.Release|Mixed Platforms.ActiveCfg = Release|x86
		{D592CC46-92EA-44A9-A5BE-97E9CA319B47}.Release|Mixed Platforms.Build.0 = Release|x86
		{D592CC46-92EA-44A9-A5BE-97E9CA319B47}.Release|Win32.ActiveCfg = Release|x86
		{D592CC46-92EA-44A9-A5BE-97E9CA319B47}.Release|Win32.Build.0 = Release|x86
		{D592CC46-92EA-44A9-A5BE-97E9CA319B47}.Release|x64.ActiveCfg = Release|x86
		{D592CC46-92EA-44A9-A5BE-97E9CA319B47}.Release|x64.Build.0 = Release|x86
		{D592CC46-92EA-44A9-A5BE-97E9CA319B47}.Release|x86.ActiveCfg = Release|x86
		{D592CC46-92EA-44A9-A5BE-97E9CA319B47}.Release|x86.Build.0 = Release|x86
		{128210C9-E7B0-4D2E-984E-B473AA401188}.Debug|Any CPU.ActiveCfg = Debug|Any CPU
		{128210C9-E7B0-4D2E-984E-B473AA401188}.Debug|Any CPU.Build.0 = Debug|Any CPU
		{128210C9-E7B0-4D2E-984E-B473AA401188}.Debug|ARM.ActiveCfg = Debug|Any CPU
		{128210C9-E7B0-4D2E-984E-B473AA401188}.Debug|Mixed Platforms.ActiveCfg = Debug|x86
		{128210C9-E7B0-4D2E-984E-B473AA401188}.Debug|Mixed Platforms.Build.0 = Debug|x86
		{128210C9-E7B0-4D2E-984E-B473AA401188}.Debug|Win32.ActiveCfg = Debug|Any CPU
		{128210C9-E7B0-4D2E-984E-B473AA401188}.Debug|x64.ActiveCfg = Debug|Any CPU
		{128210C9-E7B0-4D2E-984E-B473AA401188}.Debug|x86.ActiveCfg = Debug|Any CPU
		{128210C9-E7B0-4D2E-984E-B473AA401188}.Release|Any CPU.ActiveCfg = Release|Any CPU
		{128210C9-E7B0-4D2E-984E-B473AA401188}.Release|ARM.ActiveCfg = Release|Any CPU
		{128210C9-E7B0-4D2E-984E-B473AA401188}.Release|Mixed Platforms.ActiveCfg = Release|Any CPU
		{128210C9-E7B0-4D2E-984E-B473AA401188}.Release|Mixed Platforms.Build.0 = Release|Any CPU
		{128210C9-E7B0-4D2E-984E-B473AA401188}.Release|Win32.ActiveCfg = Release|Any CPU
		{128210C9-E7B0-4D2E-984E-B473AA401188}.Release|x64.ActiveCfg = Release|Any CPU
		{128210C9-E7B0-4D2E-984E-B473AA401188}.Release|x64.Build.0 = Release|Any CPU
		{128210C9-E7B0-4D2E-984E-B473AA401188}.Release|x86.ActiveCfg = Release|x86
		{128210C9-E7B0-4D2E-984E-B473AA401188}.Release|x86.Build.0 = Release|x86
		{D5E78724-C6CA-44A2-BDE2-4A5CF94FF093}.Debug|Any CPU.ActiveCfg = Debug|x86
		{D5E78724-C6CA-44A2-BDE2-4A5CF94FF093}.Debug|Any CPU.Build.0 = Debug|x86
		{D5E78724-C6CA-44A2-BDE2-4A5CF94FF093}.Debug|ARM.ActiveCfg = Debug|ARM
		{D5E78724-C6CA-44A2-BDE2-4A5CF94FF093}.Debug|ARM.Build.0 = Debug|ARM
		{D5E78724-C6CA-44A2-BDE2-4A5CF94FF093}.Debug|Mixed Platforms.ActiveCfg = Debug|x86
		{D5E78724-C6CA-44A2-BDE2-4A5CF94FF093}.Debug|Mixed Platforms.Build.0 = Debug|x86
		{D5E78724-C6CA-44A2-BDE2-4A5CF94FF093}.Debug|Win32.ActiveCfg = Debug|x86
		{D5E78724-C6CA-44A2-BDE2-4A5CF94FF093}.Debug|Win32.Build.0 = Debug|x86
		{D5E78724-C6CA-44A2-BDE2-4A5CF94FF093}.Debug|x64.ActiveCfg = Debug|x64
		{D5E78724-C6CA-44A2-BDE2-4A5CF94FF093}.Debug|x64.Build.0 = Debug|x64
		{D5E78724-C6CA-44A2-BDE2-4A5CF94FF093}.Debug|x86.ActiveCfg = Debug|x86
		{D5E78724-C6CA-44A2-BDE2-4A5CF94FF093}.Debug|x86.Build.0 = Debug|x86
		{D5E78724-C6CA-44A2-BDE2-4A5CF94FF093}.Release|Any CPU.ActiveCfg = Release|Any CPU
		{D5E78724-C6CA-44A2-BDE2-4A5CF94FF093}.Release|ARM.ActiveCfg = Release|ARM
		{D5E78724-C6CA-44A2-BDE2-4A5CF94FF093}.Release|ARM.Build.0 = Release|ARM
		{D5E78724-C6CA-44A2-BDE2-4A5CF94FF093}.Release|Mixed Platforms.ActiveCfg = Release|x86
		{D5E78724-C6CA-44A2-BDE2-4A5CF94FF093}.Release|Mixed Platforms.Build.0 = Release|x86
		{D5E78724-C6CA-44A2-BDE2-4A5CF94FF093}.Release|Win32.ActiveCfg = Release|x86
		{D5E78724-C6CA-44A2-BDE2-4A5CF94FF093}.Release|Win32.Build.0 = Release|x86
		{D5E78724-C6CA-44A2-BDE2-4A5CF94FF093}.Release|x64.ActiveCfg = Release|x64
		{D5E78724-C6CA-44A2-BDE2-4A5CF94FF093}.Release|x64.Build.0 = Release|x64
		{D5E78724-C6CA-44A2-BDE2-4A5CF94FF093}.Release|x86.ActiveCfg = Release|x86
		{D5E78724-C6CA-44A2-BDE2-4A5CF94FF093}.Release|x86.Build.0 = Release|x86
		{A6FBDB08-B02C-403D-81DA-AA2B2CD07A22}.Debug|Any CPU.ActiveCfg = Debug|Any CPU
		{A6FBDB08-B02C-403D-81DA-AA2B2CD07A22}.Debug|Any CPU.Build.0 = Debug|Any CPU
		{A6FBDB08-B02C-403D-81DA-AA2B2CD07A22}.Debug|ARM.ActiveCfg = Debug|ARM
		{A6FBDB08-B02C-403D-81DA-AA2B2CD07A22}.Debug|ARM.Build.0 = Debug|ARM
		{A6FBDB08-B02C-403D-81DA-AA2B2CD07A22}.Debug|Mixed Platforms.ActiveCfg = Debug|x86
		{A6FBDB08-B02C-403D-81DA-AA2B2CD07A22}.Debug|Mixed Platforms.Build.0 = Debug|x86
		{A6FBDB08-B02C-403D-81DA-AA2B2CD07A22}.Debug|Win32.ActiveCfg = Debug|x86
		{A6FBDB08-B02C-403D-81DA-AA2B2CD07A22}.Debug|Win32.Build.0 = Debug|x86
		{A6FBDB08-B02C-403D-81DA-AA2B2CD07A22}.Debug|x64.ActiveCfg = Debug|x86
		{A6FBDB08-B02C-403D-81DA-AA2B2CD07A22}.Debug|x86.ActiveCfg = Debug|x86
		{A6FBDB08-B02C-403D-81DA-AA2B2CD07A22}.Debug|x86.Build.0 = Debug|x86
		{A6FBDB08-B02C-403D-81DA-AA2B2CD07A22}.Release|Any CPU.ActiveCfg = Release|Any CPU
		{A6FBDB08-B02C-403D-81DA-AA2B2CD07A22}.Release|ARM.ActiveCfg = Release|ARM
		{A6FBDB08-B02C-403D-81DA-AA2B2CD07A22}.Release|ARM.Build.0 = Release|ARM
		{A6FBDB08-B02C-403D-81DA-AA2B2CD07A22}.Release|Mixed Platforms.ActiveCfg = Release|x86
		{A6FBDB08-B02C-403D-81DA-AA2B2CD07A22}.Release|Mixed Platforms.Build.0 = Release|x86
		{A6FBDB08-B02C-403D-81DA-AA2B2CD07A22}.Release|Win32.ActiveCfg = Release|x86
		{A6FBDB08-B02C-403D-81DA-AA2B2CD07A22}.Release|Win32.Build.0 = Release|x86
		{A6FBDB08-B02C-403D-81DA-AA2B2CD07A22}.Release|x64.ActiveCfg = Release|x86
		{A6FBDB08-B02C-403D-81DA-AA2B2CD07A22}.Release|x64.Build.0 = Release|x86
		{A6FBDB08-B02C-403D-81DA-AA2B2CD07A22}.Release|x86.ActiveCfg = Release|x86
		{A6FBDB08-B02C-403D-81DA-AA2B2CD07A22}.Release|x86.Build.0 = Release|x86
		{C3DB31F5-B1DA-41A7-B4AD-1246AF281A25}.Debug|Any CPU.ActiveCfg = Debug|Any CPU
		{C3DB31F5-B1DA-41A7-B4AD-1246AF281A25}.Debug|Any CPU.Build.0 = Debug|Any CPU
		{C3DB31F5-B1DA-41A7-B4AD-1246AF281A25}.Debug|ARM.ActiveCfg = Debug|ARM
		{C3DB31F5-B1DA-41A7-B4AD-1246AF281A25}.Debug|ARM.Build.0 = Debug|ARM
		{C3DB31F5-B1DA-41A7-B4AD-1246AF281A25}.Debug|Mixed Platforms.ActiveCfg = Debug|x86
		{C3DB31F5-B1DA-41A7-B4AD-1246AF281A25}.Debug|Mixed Platforms.Build.0 = Debug|x86
		{C3DB31F5-B1DA-41A7-B4AD-1246AF281A25}.Debug|Win32.ActiveCfg = Debug|x86
		{C3DB31F5-B1DA-41A7-B4AD-1246AF281A25}.Debug|Win32.Build.0 = Debug|x86
		{C3DB31F5-B1DA-41A7-B4AD-1246AF281A25}.Debug|x64.ActiveCfg = Debug|Any CPU
		{C3DB31F5-B1DA-41A7-B4AD-1246AF281A25}.Debug|x86.ActiveCfg = Debug|x86
		{C3DB31F5-B1DA-41A7-B4AD-1246AF281A25}.Debug|x86.Build.0 = Debug|x86
		{C3DB31F5-B1DA-41A7-B4AD-1246AF281A25}.Release|Any CPU.ActiveCfg = Release|Any CPU
		{C3DB31F5-B1DA-41A7-B4AD-1246AF281A25}.Release|Any CPU.Build.0 = Release|Any CPU
		{C3DB31F5-B1DA-41A7-B4AD-1246AF281A25}.Release|ARM.ActiveCfg = Release|ARM
		{C3DB31F5-B1DA-41A7-B4AD-1246AF281A25}.Release|ARM.Build.0 = Release|ARM
		{C3DB31F5-B1DA-41A7-B4AD-1246AF281A25}.Release|Mixed Platforms.ActiveCfg = Release|x86
		{C3DB31F5-B1DA-41A7-B4AD-1246AF281A25}.Release|Mixed Platforms.Build.0 = Release|x86
		{C3DB31F5-B1DA-41A7-B4AD-1246AF281A25}.Release|Win32.ActiveCfg = Release|x86
		{C3DB31F5-B1DA-41A7-B4AD-1246AF281A25}.Release|Win32.Build.0 = Release|x86
		{C3DB31F5-B1DA-41A7-B4AD-1246AF281A25}.Release|x64.ActiveCfg = Release|Any CPU
		{C3DB31F5-B1DA-41A7-B4AD-1246AF281A25}.Release|x86.ActiveCfg = Release|x86
		{C3DB31F5-B1DA-41A7-B4AD-1246AF281A25}.Release|x86.Build.0 = Release|x86
		{C5F88976-4700-45F4-91E0-75B64C2FB195}.Debug|Any CPU.ActiveCfg = Debug|Any CPU
		{C5F88976-4700-45F4-91E0-75B64C2FB195}.Debug|Any CPU.Build.0 = Debug|Any CPU
		{C5F88976-4700-45F4-91E0-75B64C2FB195}.Debug|ARM.ActiveCfg = Debug|Any CPU
		{C5F88976-4700-45F4-91E0-75B64C2FB195}.Debug|Mixed Platforms.ActiveCfg = Debug|Any CPU
		{C5F88976-4700-45F4-91E0-75B64C2FB195}.Debug|Mixed Platforms.Build.0 = Debug|Any CPU
		{C5F88976-4700-45F4-91E0-75B64C2FB195}.Debug|Win32.ActiveCfg = Debug|Any CPU
		{C5F88976-4700-45F4-91E0-75B64C2FB195}.Debug|x64.ActiveCfg = Debug|Any CPU
		{C5F88976-4700-45F4-91E0-75B64C2FB195}.Debug|x86.ActiveCfg = Debug|Any CPU
		{C5F88976-4700-45F4-91E0-75B64C2FB195}.Release|Any CPU.ActiveCfg = Release|Any CPU
		{C5F88976-4700-45F4-91E0-75B64C2FB195}.Release|Any CPU.Build.0 = Release|Any CPU
		{C5F88976-4700-45F4-91E0-75B64C2FB195}.Release|ARM.ActiveCfg = Release|Any CPU
		{C5F88976-4700-45F4-91E0-75B64C2FB195}.Release|Mixed Platforms.ActiveCfg = Release|Any CPU
		{C5F88976-4700-45F4-91E0-75B64C2FB195}.Release|Mixed Platforms.Build.0 = Release|Any CPU
		{C5F88976-4700-45F4-91E0-75B64C2FB195}.Release|Win32.ActiveCfg = Release|Any CPU
		{C5F88976-4700-45F4-91E0-75B64C2FB195}.Release|x64.ActiveCfg = Release|Any CPU
		{C5F88976-4700-45F4-91E0-75B64C2FB195}.Release|x86.ActiveCfg = Release|Any CPU
	EndGlobalSection
	GlobalSection(SolutionProperties) = preSolution
		HideSolutionNode = FALSE
	EndGlobalSection
	GlobalSection(NestedProjects) = preSolution
		{C5F88976-4700-45F4-91E0-75B64C2FB195} = {0354F169-3BDF-4367-A92C-A0E216FA19A4}
	EndGlobalSection
EndGlobal
