
Microsoft Visual Studio Solution File, Format Version 12.00
# Visual Studio 2012
Project("{FAE04EC0-301F-11D3-BF4B-00C04F79EFBC}") = "SyncSvcUtilUI", "SyncSvcUtilUI\SyncSvcUtilUI.csproj", "{128210C9-E7B0-4D2E-984E-B473AA401188}"
EndProject
Project("{FAE04EC0-301F-11D3-BF4B-00C04F79EFBC}") = "SyncSvcUtil", "SyncSvcUtil\SyncSvcUtil.csproj", "{D592CC46-92EA-44A9-A5BE-97E9CA319B47}"
EndProject
Global
	GlobalSection(TeamFoundationVersionControl) = preSolution
		SccNumberOfProjects = 3
		SccEnterpriseProvider = {4CA58AB2-18FA-4F8D-95D4-32DDF27D184C}
		SccTeamFoundationServer = https://tfs.codeplex.com/tfs/tfs08
		SccProjectUniqueName0 = SyncSvcUtilUI\\SyncSvcUtilUI.csproj
		SccProjectName0 = SyncSvcUtilUI
		SccLocalPath0 = SyncSvcUtilUI
		SccProjectUniqueName1 = SyncSvcUtil\\SyncSvcUtil.csproj
		SccProjectName1 = SyncSvcUtil
		SccLocalPath1 = SyncSvcUtil
		SccLocalPath2 = .
	EndGlobalSection
	GlobalSection(SolutionConfigurationPlatforms) = preSolution
		Debug|Any CPU = Debug|Any CPU
		Debug|Mixed Platforms = Debug|Mixed Platforms
		Debug|x86 = Debug|x86
		Release|Any CPU = Release|Any CPU
		Release|Mixed Platforms = Release|Mixed Platforms
		Release|x86 = Release|x86
	EndGlobalSection
	GlobalSection(ProjectConfigurationPlatforms) = postSolution
		{128210C9-E7B0-4D2E-984E-B473AA401188}.Debug|Any CPU.ActiveCfg = Debug|Any CPU
		{128210C9-E7B0-4D2E-984E-B473AA401188}.Debug|Any CPU.Build.0 = Debug|Any CPU
		{128210C9-E7B0-4D2E-984E-B473AA401188}.Debug|Mixed Platforms.ActiveCfg = Debug|x86
		{128210C9-E7B0-4D2E-984E-B473AA401188}.Debug|Mixed Platforms.Build.0 = Debug|x86
		{128210C9-E7B0-4D2E-984E-B473AA401188}.Debug|x86.ActiveCfg = Debug|Any CPU
		{128210C9-E7B0-4D2E-984E-B473AA401188}.Release|Any CPU.ActiveCfg = Release|Any CPU
		{128210C9-E7B0-4D2E-984E-B473AA401188}.Release|Any CPU.Build.0 = Release|Any CPU
		{128210C9-E7B0-4D2E-984E-B473AA401188}.Release|Mixed Platforms.ActiveCfg = Release|Any CPU
		{128210C9-E7B0-4D2E-984E-B473AA401188}.Release|Mixed Platforms.Build.0 = Release|Any CPU
		{128210C9-E7B0-4D2E-984E-B473AA401188}.Release|x86.ActiveCfg = Release|Any CPU
		{D592CC46-92EA-44A9-A5BE-97E9CA319B47}.Debug|Any CPU.ActiveCfg = Debug|x86
		{D592CC46-92EA-44A9-A5BE-97E9CA319B47}.Debug|Mixed Platforms.ActiveCfg = Debug|x86
		{D592CC46-92EA-44A9-A5BE-97E9CA319B47}.Debug|Mixed Platforms.Build.0 = Debug|x86
		{D592CC46-92EA-44A9-A5BE-97E9CA319B47}.Debug|x86.ActiveCfg = Debug|x86
		{D592CC46-92EA-44A9-A5BE-97E9CA319B47}.Debug|x86.Build.0 = Debug|x86
		{D592CC46-92EA-44A9-A5BE-97E9CA319B47}.Release|Any CPU.ActiveCfg = Release|x86
		{D592CC46-92EA-44A9-A5BE-97E9CA319B47}.Release|Mixed Platforms.ActiveCfg = Release|x86
		{D592CC46-92EA-44A9-A5BE-97E9CA319B47}.Release|Mixed Platforms.Build.0 = Release|x86
		{D592CC46-92EA-44A9-A5BE-97E9CA319B47}.Release|x86.ActiveCfg = Release|x86
		{D592CC46-92EA-44A9-A5BE-97E9CA319B47}.Release|x86.Build.0 = Release|x86
	EndGlobalSection
	GlobalSection(SolutionProperties) = preSolution
		HideSolutionNode = FALSE
	EndGlobalSection
EndGlobal
